{
  "requires": true,
  "lockfileVersion": 1,
  "dependencies": {
    "@antfu/utils": {
      "version": "0.7.7",
      "resolved": "https://registry.npmmirror.com/@antfu/utils/-/utils-0.7.7.tgz",
      "integrity": "sha512-gFPqTG7otEJ8uP6wrhDv6mqwGWYZKNvAcCq6u9hOj0c+IKCEsY4L1oC9trPq2SaWIzAfHvqfBDxF591JkMf+kg=="
    },
    "@babel/helper-string-parser": {
      "version": "7.23.4",
      "resolved": "https://registry.npmmirror.com/@babel/helper-string-parser/-/helper-string-parser-7.23.4.tgz",
      "integrity": "sha512-803gmbQdqwdf4olxrX4AJyFBV/RTr3rSmOj0rKwesmzlfhYNDEs+/iOcznzpNWlJlIlTJC2QfPFcHB6DlzdVLQ=="
    },
    "@babel/helper-validator-identifier": {
      "version": "7.22.20",
      "resolved": "https://registry.npmmirror.com/@babel/helper-validator-identifier/-/helper-validator-identifier-7.22.20.tgz",
      "integrity": "sha512-Y4OZ+ytlatR8AI+8KZfKuL5urKp7qey08ha31L8b3BwewJAoJamTzyvxPR/5D+KkdJCGPq/+8TukHBlY10FX9A=="
    },
    "@babel/parser": {
      "version": "7.23.9",
      "resolved": "https://registry.npmmirror.com/@babel/parser/-/parser-7.23.9.tgz",
      "integrity": "sha512-9tcKgqKbs3xGJ+NtKF2ndOBBLVwPjl1SHxPQkd36r3Dlirw3xWUeGaTbqr7uGZcTaxkVNwc+03SVP7aCdWrTlA=="
    },
    "@babel/types": {
      "version": "7.23.9",
      "resolved": "https://registry.npmmirror.com/@babel/types/-/types-7.23.9.tgz",
      "integrity": "sha512-dQjSq/7HaSjRM43FFGnv5keM2HsxpmyV1PfaSVm0nzzjwwTmjOe6J4bC8e3+pTEIgHaHj+1ZlLThRJ2auc/w1Q==",
      "requires": {
        "@babel/helper-string-parser": "^7.23.4",
        "@babel/helper-validator-identifier": "^7.22.20",
        "to-fast-properties": "^2.0.0"
      }
    },
    "@jridgewell/sourcemap-codec": {
      "version": "1.4.15",
      "resolved": "https://registry.npmmirror.com/@jridgewell/sourcemap-codec/-/sourcemap-codec-1.4.15.tgz",
      "integrity": "sha512-eF2rxCRulEKXHTRiDrDy6erMYWqNw4LPdQ8UQA4huuxaQsVeRPFl2oM8oDGxMFhJUWZf9McpLtJasDDZb/Bpeg=="
    },
    "@polka/url": {
      "version": "1.0.0-next.24",
      "resolved": "https://registry.npmmirror.com/@polka/url/-/url-1.0.0-next.24.tgz",
      "integrity": "sha512-2LuNTFBIO0m7kKIQvvPHN6UE63VjpmL9rnEEaOOaiSPbZK+zUOYIzBAWcED+3XYzhYsd/0mD57VdxAEqqV52CQ=="
    },
    "@rollup/pluginutils": {
      "version": "5.1.0",
      "resolved": "https://registry.npmmirror.com/@rollup/pluginutils/-/pluginutils-5.1.0.tgz",
      "integrity": "sha512-XTIWOPPcpvyKI6L1NHo0lFlCyznUEyPmPY1mc3KpPVDYulHSTvyeLNVW00QTLIAFNhR3kYnJTQHeGqU4M3n09g==",
      "requires": {
        "@types/estree": "^1.0.0",
        "estree-walker": "^2.0.2",
        "picomatch": "^2.3.1"
      }
    },
    "@types/estree": {
      "version": "1.0.5",
      "resolved": "https://registry.npmmirror.com/@types/estree/-/estree-1.0.5.tgz",
      "integrity": "sha512-/kYRxGDLWzHOB7q+wtSUQlFrtcdUccpfy+X+9iMBpHK8QLLhx2wIPYuS5DYtR9Wa/YlZAbIovy7qVdB1Aq6Lyw=="
    },
    "@volar/language-core": {
      "version": "1.11.1",
      "resolved": "https://registry.npmmirror.com/@volar/language-core/-/language-core-1.11.1.tgz",
      "integrity": "sha512-dOcNn3i9GgZAcJt43wuaEykSluAuOkQgzni1cuxLxTV0nJKanQztp7FxyswdRILaKH+P2XZMPRp2S4MV/pElCw==",
      "dev": true,
      "requires": {
        "@volar/source-map": "1.11.1"
      }
    },
    "@volar/source-map": {
      "version": "1.11.1",
      "resolved": "https://registry.npmmirror.com/@volar/source-map/-/source-map-1.11.1.tgz",
      "integrity": "sha512-hJnOnwZ4+WT5iupLRnuzbULZ42L7BWWPMmruzwtLhJfpDVoZLjNBxHDi2sY2bgZXCKlpU5XcsMFoYrsQmPhfZg==",
      "dev": true,
      "requires": {
        "muggle-string": "^0.3.1"
      }
    },
    "@vue-macros/api": {
      "version": "0.9.3",
      "resolved": "https://registry.npmmirror.com/@vue-macros/api/-/api-0.9.3.tgz",
      "integrity": "sha512-Yjq5gxdd97FIBNpxp7E2aRChqN6UVLEkRM6bgdaYDjbZsu6uvO2pkwQFQSx4Z0n8k/69KC4N05UQ1V68XF7I8Q==",
      "requires": {
        "@babel/types": "^7.23.6",
        "@vue-macros/common": "1.10.1",
        "resolve.exports": "^2.0.2"
      }
    },
    "@vue-macros/better-define": {
      "version": "1.7.3",
      "resolved": "https://registry.npmmirror.com/@vue-macros/better-define/-/better-define-1.7.3.tgz",
      "integrity": "sha512-vw1GemB2WVO2rqXN4e0YXibeaPWud0d88hJvN4FnslZ5oMrr/ne9oo28Dqj1FZWmB7UlOiJIIGrPxZyMrSG6uw==",
      "requires": {
        "@vue-macros/api": "0.9.3",
        "@vue-macros/common": "1.10.1",
        "unplugin": "^1.6.0"
      }
    },
    "@vue-macros/boolean-prop": {
      "version": "0.3.2",
      "resolved": "https://registry.npmmirror.com/@vue-macros/boolean-prop/-/boolean-prop-0.3.2.tgz",
      "integrity": "sha512-vdhjfpRsxln/XXiqIa3De3wJsZGRiiGWa6rMO3cp3E5954a8yBlGqdBWFy+wxOMdTnqm73Ag1JvWM2nm7VXNlQ==",
      "requires": {
        "@vue-macros/common": "1.10.1",
        "@vue/compiler-core": "^3.4.13"
      }
    },
    "@vue-macros/chain-call": {
      "version": "0.2.2",
      "resolved": "https://registry.npmmirror.com/@vue-macros/chain-call/-/chain-call-0.2.2.tgz",
      "integrity": "sha512-eXmiGd8pNv+6Oy9m8U0rjwa7eY5KjRf0CriU+yZgnzW09G+7+w47gQuVQveLzY+KX1sbhOTOcajyjfhDqNVKfw==",
      "requires": {
        "@vue-macros/common": "1.10.1",
        "unplugin": "^1.6.0"
      }
    },
    "@vue-macros/common": {
      "version": "1.10.1",
      "resolved": "https://registry.npmmirror.com/@vue-macros/common/-/common-1.10.1.tgz",
      "integrity": "sha512-uftSpfwdwitcQT2lM8aVxcfe5rKQBzC9jMrtJM5sG4hEuFyfIvnJihpPpnaWxY+X4p64k+YYXtBFv+1O5Bq3dg==",
      "requires": {
        "@babel/types": "^7.23.6",
        "@rollup/pluginutils": "^5.1.0",
        "@vue/compiler-sfc": "^3.4.13",
        "ast-kit": "^0.11.3",
        "local-pkg": "^0.5.0",
        "magic-string-ast": "^0.3.0"
      }
    },
    "@vue-macros/define-emit": {
      "version": "0.2.3",
      "resolved": "https://registry.npmmirror.com/@vue-macros/define-emit/-/define-emit-0.2.3.tgz",
      "integrity": "sha512-YTkjhQ+7qqb8goYLAgpJGxzR0pOvANYXh+tkhMzywxt0x+4HW+I2xkAQcRtfGNo3M/4FaM7CUXuTsm2vie39Ug==",
      "requires": {
        "@vue-macros/api": "0.9.3",
        "@vue-macros/common": "1.10.1",
        "unplugin": "^1.6.0"
      }
    },
    "@vue-macros/define-models": {
      "version": "1.2.2",
      "resolved": "https://registry.npmmirror.com/@vue-macros/define-models/-/define-models-1.2.2.tgz",
      "integrity": "sha512-dLR9pTUR/OOMwIFT5rn116meXv7fqVL5ImD0OA89JdYGxdtaxGDP8UJZV6qtIaBiAF+2KNEf6ZAF72ST250xOA==",
      "requires": {
        "@vue-macros/common": "1.10.1",
        "ast-walker-scope": "^0.5.0",
        "unplugin": "^1.6.0"
      }
    },
    "@vue-macros/define-prop": {
      "version": "0.3.3",
      "resolved": "https://registry.npmmirror.com/@vue-macros/define-prop/-/define-prop-0.3.3.tgz",
      "integrity": "sha512-8W8U89+u5GzahdI5sO61nInXux+yWLGQx0Lq5/4Y2uj8kKj8aJvjie31y2CWREGq8q/jRT0MqT5ODs7JGt0IAQ==",
      "requires": {
        "@vue-macros/api": "0.9.3",
        "@vue-macros/common": "1.10.1",
        "unplugin": "^1.6.0"
      }
    },
    "@vue-macros/define-props": {
      "version": "2.0.3",
      "resolved": "https://registry.npmmirror.com/@vue-macros/define-props/-/define-props-2.0.3.tgz",
      "integrity": "sha512-OFkdhfEmDfP+ySqoQ8qeSvGxLpJPCaJrcMsiHu5DVqGcWou0RzkmxiQZu/PVZhk0p1DnV1lCCajut3jzhqLRXQ==",
      "requires": {
        "@vue-macros/common": "1.10.1",
        "unplugin": "^1.6.0"
      }
    },
    "@vue-macros/define-props-refs": {
      "version": "1.2.2",
      "resolved": "https://registry.npmmirror.com/@vue-macros/define-props-refs/-/define-props-refs-1.2.2.tgz",
      "integrity": "sha512-ErqJrN+4mARONiBddT0S7PLINMuFcnN1LbpnEzZujFRgS2/5d9U/cAe/Jb4pvCTYSWecskCFNHk1/4YS/JAk4A==",
      "requires": {
        "@vue-macros/common": "1.10.1",
        "unplugin": "^1.6.0"
      }
    },
    "@vue-macros/define-render": {
      "version": "1.5.2",
      "resolved": "https://registry.npmmirror.com/@vue-macros/define-render/-/define-render-1.5.2.tgz",
      "integrity": "sha512-wqBDfJQ5JxCc5yhVdLInB6jaqXYBmgMkBD/mjJWJ7qiaj/sVkxq2h3uxjwInWgBH0eb0ZX+rAaYkFwg+uueEXg==",
      "requires": {
        "@vue-macros/common": "1.10.1",
        "unplugin": "^1.6.0"
      }
    },
    "@vue-macros/define-slots": {
      "version": "1.1.2",
      "resolved": "https://registry.npmmirror.com/@vue-macros/define-slots/-/define-slots-1.1.2.tgz",
      "integrity": "sha512-DYYWkNjIa+XQxGq4PbRyvg7sQUqV5jkOarM7cwf8b4BmybFUPcxbB/2JTf6xr/grHkGUHHRoUlZ7J8z8rhUH8Q==",
      "requires": {
        "@vue-macros/common": "1.10.1",
        "unplugin": "^1.6.0"
      }
    },
    "@vue-macros/devtools": {
      "version": "0.2.0",
      "resolved": "https://registry.npmmirror.com/@vue-macros/devtools/-/devtools-0.2.0.tgz",
      "integrity": "sha512-jHjvY1bFgQLe/2+5pBOG4fgmL5MPhsqQDj7Barhj8YN+Oe7U2hBImvfAyOGpqd2uucLOWQTP1cWrp3q9b1svsg==",
      "requires": {
        "sirv": "^2.0.3",
        "vue": "^3.3.8"
      }
    },
    "@vue-macros/export-expose": {
      "version": "0.1.2",
      "resolved": "https://registry.npmmirror.com/@vue-macros/export-expose/-/export-expose-0.1.2.tgz",
      "integrity": "sha512-YQbbDRe133Zpgc0rB5KKJrrQMJvDaK25Ar1zeZDVUEKZ1rVAHWwbeSNbt7Fk4iVaLDzK4fA9dglTCkh7CR/9rg==",
      "requires": {
        "@vue-macros/common": "1.10.1",
        "@vue/compiler-sfc": "^3.4.13",
        "unplugin": "^1.6.0"
      }
    },
    "@vue-macros/export-props": {
      "version": "0.4.2",
      "resolved": "https://registry.npmmirror.com/@vue-macros/export-props/-/export-props-0.4.2.tgz",
      "integrity": "sha512-BtsWp2gqWHfCk264bT7C4t7FCiNeuYl45x8rQ51eE2uDQPUMnhPQgB8swmR4bhzH1PCU80NwqbGThzB3Mh7mqw==",
      "requires": {
        "@vue-macros/common": "1.10.1",
        "unplugin": "^1.6.0"
      }
    },
    "@vue-macros/export-render": {
      "version": "0.2.2",
      "resolved": "https://registry.npmmirror.com/@vue-macros/export-render/-/export-render-0.2.2.tgz",
      "integrity": "sha512-5E3aJB8umbm5OzsFic1HwNglPM8q/5s+A47o7wcpwOtnAnzwrhVyfZXyRW3mKPKidl4nufj0CemaJngf8soI1g==",
      "requires": {
        "@vue-macros/common": "1.10.1",
        "@vue/compiler-sfc": "^3.4.13",
        "unplugin": "^1.6.0"
      }
    },
    "@vue-macros/hoist-static": {
      "version": "1.5.2",
      "resolved": "https://registry.npmmirror.com/@vue-macros/hoist-static/-/hoist-static-1.5.2.tgz",
      "integrity": "sha512-XYDtRyXbhLwwXNojii7+wzZOz7Fk7n3uoZCsoFZn6f+Y2joEEmQtJnjE/hRsdc5HFrmpg/qICt8ZuwsE8RIyDw==",
      "requires": {
        "@vue-macros/common": "1.10.1",
        "unplugin": "^1.6.0"
      }
    },
    "@vue-macros/jsx-directive": {
      "version": "0.8.8",
      "resolved": "https://registry.npmmirror.com/@vue-macros/jsx-directive/-/jsx-directive-0.8.8.tgz",
      "integrity": "sha512-gx7UaaHQ25hauh11PC5C5j6FUNDDCKpXTgh7yTDc4cLKSgqc575kXvJTzqmV9/p/QFF06/OKValxmOa5pH/wUg==",
      "requires": {
        "@vue-macros/common": "~1.10.1",
        "unplugin": "^1.6.0"
      }
    },
    "@vue-macros/named-template": {
      "version": "0.4.2",
      "resolved": "https://registry.npmmirror.com/@vue-macros/named-template/-/named-template-0.4.2.tgz",
      "integrity": "sha512-YnKdJLd8KisT6z+RdgyLy0TIvq1HzW3i55hq94eNo4F+9rEo70h2YGmCDOElpvOElMj0R77i175nNiti+hkQfw==",
      "requires": {
        "@vue-macros/common": "1.10.1",
        "@vue/compiler-dom": "^3.4.13",
        "unplugin": "^1.6.0"
      }
    },
    "@vue-macros/reactivity-transform": {
      "version": "0.4.3",
      "resolved": "https://registry.npmmirror.com/@vue-macros/reactivity-transform/-/reactivity-transform-0.4.3.tgz",
      "integrity": "sha512-9z/Cf+fAjcPjEfrwLTWux97uJFRxdtWTwAIaDniQP78Jaw8rjlh2C4bxAQm2auAft9R/s24e5rkOf8C//N+o+Q==",
      "requires": {
        "@babel/parser": "^7.23.6",
        "@vue-macros/common": "1.10.1",
        "@vue/compiler-core": "^3.4.13",
        "@vue/shared": "^3.4.13",
        "magic-string": "^0.30.5",
        "unplugin": "^1.6.0"
      }
    },
    "@vue-macros/setup-block": {
      "version": "0.3.2",
      "resolved": "https://registry.npmmirror.com/@vue-macros/setup-block/-/setup-block-0.3.2.tgz",
      "integrity": "sha512-iJM9w7QuVj6OGKSFcsuT47VdVv68GI3PE4e7oVIFXVr9Y+0L6dLibhu8Ybeyfh0AP43Y9V46ZnEI49fh8ZmnRQ==",
      "requires": {
        "@vue-macros/common": "1.10.1",
        "@vue/compiler-dom": "^3.4.13",
        "unplugin": "^1.6.0"
      }
    },
    "@vue-macros/setup-component": {
      "version": "0.17.2",
      "resolved": "https://registry.npmmirror.com/@vue-macros/setup-component/-/setup-component-0.17.2.tgz",
      "integrity": "sha512-KfZ2YcfJ5oMFO+BHnmWOClYlce1K7t8c9q4+2hIBc0L2LlCIQEmFnmqmCJAgyzyWai8h89udCD8UdKbnCznwPw==",
      "requires": {
        "@vue-macros/common": "1.10.1",
        "unplugin": "^1.6.0"
      }
    },
    "@vue-macros/setup-sfc": {
      "version": "0.17.2",
      "resolved": "https://registry.npmmirror.com/@vue-macros/setup-sfc/-/setup-sfc-0.17.2.tgz",
      "integrity": "sha512-BV2B5M6w2B0jN16Oc10/mQk5WdQASzGe/ZMV9G59ZiGHVzL3m06nsq4JwXln2Gy+j3mdrfnUmaAtj7o70HPiOg==",
      "requires": {
        "@vue-macros/common": "1.10.1",
        "unplugin": "^1.6.0"
      }
    },
    "@vue-macros/short-bind": {
      "version": "0.2.2",
      "resolved": "https://registry.npmmirror.com/@vue-macros/short-bind/-/short-bind-0.2.2.tgz",
      "integrity": "sha512-dBaZnWfoDcbUA4jMwLqsBa/QTjO0zgQb9TvMS0HDbaAUptBlJfi20g2sqmgdor32ih/SghuJjCtaNLKgTWVNaA==",
      "requires": {
        "@vue-macros/common": "1.10.1",
        "@vue/compiler-core": "^3.4.13"
      }
    },
    "@vue-macros/short-emits": {
      "version": "1.5.2",
      "resolved": "https://registry.npmmirror.com/@vue-macros/short-emits/-/short-emits-1.5.2.tgz",
      "integrity": "sha512-p2ePSh2yT2FP0DM6vNuUBStl+jXcYdBkKZ17yqZpPN7f6Jw6A29Lrn+fW95VdqiUdvZckBzFOdT4sLELFlGfpA==",
      "requires": {
        "@vue-macros/common": "1.10.1",
        "unplugin": "^1.6.0"
      }
    },
    "@vue-macros/short-vmodel": {
      "version": "1.4.2",
      "resolved": "https://registry.npmmirror.com/@vue-macros/short-vmodel/-/short-vmodel-1.4.2.tgz",
      "integrity": "sha512-KTkz7/FIaOhdr2uM96nj/wxctirb6czVJIkzAcUJSTsdoF+J3JrRfarr0VzUvtwq5sFRMYPssuQgoOWD4WEpXQ==",
      "requires": {
        "@vue-macros/common": "1.10.1",
        "@vue/compiler-core": "^3.4.13"
      }
    },
    "@vue-macros/volar": {
      "version": "0.18.11",
      "resolved": "https://registry.npmmirror.com/@vue-macros/volar/-/volar-0.18.11.tgz",
      "integrity": "sha512-FcV0yU/BiuTx6rEnBDPGS9hKekPlQ8lKDvjY7bzVstSG4KsB8RewYQgsdMvK3/H1jozqO3jrqai5rDiT8VnzBA==",
      "dev": true,
      "requires": {
        "@rollup/pluginutils": "^5.1.0",
        "@vue-macros/common": "1.10.1",
        "@vue-macros/define-props": "2.0.3",
        "@vue-macros/short-bind": "0.2.2",
        "@vue-macros/short-vmodel": "1.4.2",
        "@vue/language-core": "1.8.27",
        "@vue/shared": "^3.4.13"
      }
    },
    "@vue/compiler-core": {
      "version": "3.4.19",
      "resolved": "https://registry.npmmirror.com/@vue/compiler-core/-/compiler-core-3.4.19.tgz",
      "integrity": "sha512-gj81785z0JNzRcU0Mq98E56e4ltO1yf8k5PQ+tV/7YHnbZkrM0fyFyuttnN8ngJZjbpofWE/m4qjKBiLl8Ju4w==",
      "requires": {
        "@babel/parser": "^7.23.9",
        "@vue/shared": "3.4.19",
        "entities": "^4.5.0",
        "estree-walker": "^2.0.2",
        "source-map-js": "^1.0.2"
      }
    },
    "@vue/compiler-dom": {
      "version": "3.4.19",
      "resolved": "https://registry.npmmirror.com/@vue/compiler-dom/-/compiler-dom-3.4.19.tgz",
      "integrity": "sha512-vm6+cogWrshjqEHTzIDCp72DKtea8Ry/QVpQRYoyTIg9k7QZDX6D8+HGURjtmatfgM8xgCFtJJaOlCaRYRK3QA==",
      "requires": {
        "@vue/compiler-core": "3.4.19",
        "@vue/shared": "3.4.19"
      }
    },
    "@vue/compiler-sfc": {
      "version": "3.4.19",
      "resolved": "https://registry.npmmirror.com/@vue/compiler-sfc/-/compiler-sfc-3.4.19.tgz",
      "integrity": "sha512-LQ3U4SN0DlvV0xhr1lUsgLCYlwQfUfetyPxkKYu7dkfvx7g3ojrGAkw0AERLOKYXuAGnqFsEuytkdcComei3Yg==",
      "requires": {
        "@babel/parser": "^7.23.9",
        "@vue/compiler-core": "3.4.19",
        "@vue/compiler-dom": "3.4.19",
        "@vue/compiler-ssr": "3.4.19",
        "@vue/shared": "3.4.19",
        "estree-walker": "^2.0.2",
        "magic-string": "^0.30.6",
        "postcss": "^8.4.33",
        "source-map-js": "^1.0.2"
      }
    },
    "@vue/compiler-ssr": {
      "version": "3.4.19",
      "resolved": "https://registry.npmmirror.com/@vue/compiler-ssr/-/compiler-ssr-3.4.19.tgz",
      "integrity": "sha512-P0PLKC4+u4OMJ8sinba/5Z/iDT84uMRRlrWzadgLA69opCpI1gG4N55qDSC+dedwq2fJtzmGald05LWR5TFfLw==",
      "requires": {
        "@vue/compiler-dom": "3.4.19",
        "@vue/shared": "3.4.19"
      }
    },
    "@vue/language-core": {
      "version": "1.8.27",
      "resolved": "https://registry.npmmirror.com/@vue/language-core/-/language-core-1.8.27.tgz",
      "integrity": "sha512-L8Kc27VdQserNaCUNiSFdDl9LWT24ly8Hpwf1ECy3aFb9m6bDhBGQYOujDm21N7EW3moKIOKEanQwe1q5BK+mA==",
      "dev": true,
      "requires": {
        "@volar/language-core": "~1.11.1",
        "@volar/source-map": "~1.11.1",
        "@vue/compiler-dom": "^3.3.0",
        "@vue/shared": "^3.3.0",
        "computeds": "^0.0.1",
        "minimatch": "^9.0.3",
        "muggle-string": "^0.3.1",
        "path-browserify": "^1.0.1",
        "vue-template-compiler": "^2.7.14"
      }
    },
    "@vue/reactivity": {
      "version": "3.4.19",
      "resolved": "https://registry.npmmirror.com/@vue/reactivity/-/reactivity-3.4.19.tgz",
      "integrity": "sha512-+VcwrQvLZgEclGZRHx4O2XhyEEcKaBi50WbxdVItEezUf4fqRh838Ix6amWTdX0CNb/b6t3Gkz3eOebfcSt+UA==",
      "requires": {
        "@vue/shared": "3.4.19"
      }
    },
    "@vue/runtime-core": {
      "version": "3.4.19",
      "resolved": "https://registry.npmmirror.com/@vue/runtime-core/-/runtime-core-3.4.19.tgz",
      "integrity": "sha512-/Z3tFwOrerJB/oyutmJGoYbuoadphDcJAd5jOuJE86THNZji9pYjZroQ2NFsZkTxOq0GJbb+s2kxTYToDiyZzw==",
      "requires": {
        "@vue/reactivity": "3.4.19",
        "@vue/shared": "3.4.19"
      }
    },
    "@vue/runtime-dom": {
      "version": "3.4.19",
      "resolved": "https://registry.npmmirror.com/@vue/runtime-dom/-/runtime-dom-3.4.19.tgz",
      "integrity": "sha512-IyZzIDqfNCF0OyZOauL+F4yzjMPN2rPd8nhqPP2N1lBn3kYqJpPHHru+83Rkvo2lHz5mW+rEeIMEF9qY3PB94g==",
      "requires": {
        "@vue/runtime-core": "3.4.19",
        "@vue/shared": "3.4.19",
        "csstype": "^3.1.3"
      }
    },
    "@vue/server-renderer": {
      "version": "3.4.19",
      "resolved": "https://registry.npmmirror.com/@vue/server-renderer/-/server-renderer-3.4.19.tgz",
      "integrity": "sha512-eAj2p0c429RZyyhtMRnttjcSToch+kTWxFPHlzGMkR28ZbF1PDlTcmGmlDxccBuqNd9iOQ7xPRPAGgPVj+YpQw==",
      "requires": {
        "@vue/compiler-ssr": "3.4.19",
        "@vue/shared": "3.4.19"
      }
    },
    "@vue/shared": {
      "version": "3.4.19",
      "resolved": "https://registry.npmmirror.com/@vue/shared/-/shared-3.4.19.tgz",
      "integrity": "sha512-/KliRRHMF6LoiThEy+4c1Z4KB/gbPrGjWwJR+crg2otgrf/egKzRaCPvJ51S5oetgsgXLfc4Rm5ZgrKHZrtMSw=="
    },
    "acorn": {
      "version": "8.11.3",
      "resolved": "https://registry.npmmirror.com/acorn/-/acorn-8.11.3.tgz",
      "integrity": "sha512-Y9rRfJG5jcKOE0CLisYbojUjIrIEE7AGMzA/Sm4BslANhbS+cDMpgBdcPT91oJ7OuJ9hYJBx59RjbhxVnrF8Xg=="
    },
    "anymatch": {
      "version": "3.1.3",
      "resolved": "https://registry.npmmirror.com/anymatch/-/anymatch-3.1.3.tgz",
      "integrity": "sha512-KMReFUr0B4t+D+OBkjR3KYqvocp2XaSzO55UcB6mgQMd3KbcE+mWTyvVV7D/zsdEbNnV6acZUutkiHQXvTr1Rw==",
      "requires": {
        "normalize-path": "^3.0.0",
        "picomatch": "^2.0.4"
      }
    },
    "ast-kit": {
      "version": "0.11.3",
      "resolved": "https://registry.npmmirror.com/ast-kit/-/ast-kit-0.11.3.tgz",
      "integrity": "sha512-qdwwKEhckRk0XE22/xDdmU3v/60E8Edu4qFhgTLIhGGDs/PAJwLw9pQn8Rj99PitlbBZbYpx0k/lbir4kg0SuA==",
      "requires": {
        "@babel/parser": "^7.23.5",
        "@rollup/pluginutils": "^5.1.0",
        "pathe": "^1.1.1"
      }
    },
    "ast-walker-scope": {
      "version": "0.5.0",
      "resolved": "https://registry.npmmirror.com/ast-walker-scope/-/ast-walker-scope-0.5.0.tgz",
      "integrity": "sha512-NsyHMxBh4dmdEHjBo1/TBZvCKxffmZxRYhmclfu0PP6Aftre47jOHYaYaNqJcV0bxihxFXhDkzLHUwHc0ocd0Q==",
      "requires": {
        "@babel/parser": "^7.22.7",
        "ast-kit": "^0.9.4"
      },
      "dependencies": {
        "ast-kit": {
          "version": "0.9.5",
          "resolved": "https://registry.npmmirror.com/ast-kit/-/ast-kit-0.9.5.tgz",
          "integrity": "sha512-kbL7ERlqjXubdDd+szuwdlQ1xUxEz9mCz1+m07ftNVStgwRb2RWw+U6oKo08PAvOishMxiqz1mlJyLl8yQx2Qg==",
          "requires": {
            "@babel/parser": "^7.22.7",
            "@rollup/pluginutils": "^5.0.2",
            "pathe": "^1.1.1"
          }
        }
      }
    },
    "asynckit": {
      "version": "0.4.0",
      "resolved": "https://registry.npmmirror.com/asynckit/-/asynckit-0.4.0.tgz",
      "integrity": "sha512-Oei9OH4tRh0YqU3GxhX79dM/mwVgvbZJaSNaRk+bshkj0S5cfHcgYakreBjrHwatXKbz+IoIdYLxrKim2MjW0Q=="
    },
    "axios": {
      "version": "1.6.7",
      "resolved": "https://registry.npmmirror.com/axios/-/axios-1.6.7.tgz",
      "integrity": "sha512-/hDJGff6/c7u0hDkvkGxR/oy6CbCs8ziCsC7SqmhjfozqiJGc8Z11wrv9z9lYfY4K8l+H9TpjcMDX0xOZmx+RA==",
      "requires": {
        "follow-redirects": "^1.15.4",
        "form-data": "^4.0.0",
        "proxy-from-env": "^1.1.0"
      }
    },
    "balanced-match": {
      "version": "1.0.2",
      "resolved": "https://registry.npmmirror.com/balanced-match/-/balanced-match-1.0.2.tgz",
      "integrity": "sha512-3oSeUO0TMV67hN1AmbXsK4yaqU7tjiHlbxRDZOpH0KW9+CeX4bRAaX0Anxt0tx2MrpRpWwQaPwIlISEJhYU5Pw==",
      "dev": true
    },
    "binary-extensions": {
      "version": "2.2.0",
      "resolved": "https://registry.npmmirror.com/binary-extensions/-/binary-extensions-2.2.0.tgz",
      "integrity": "sha512-jDctJ/IVQbZoJykoeHbhXpOlNBqGNcwXJKJog42E5HDPUwQTSdjCHdihjj0DlnheQ7blbT6dHOafNAiS8ooQKA=="
    },
    "brace-expansion": {
      "version": "2.0.1",
      "resolved": "https://registry.npmmirror.com/brace-expansion/-/brace-expansion-2.0.1.tgz",
      "integrity": "sha512-XnAIvQ8eM+kC6aULx6wuQiwVsnzsi9d3WxzV3FpWTGA19F621kwdbsAcFKXgKUHZWsy+mY6iL1sHTxWEFCytDA==",
      "dev": true,
      "requires": {
        "balanced-match": "^1.0.0"
      }
    },
    "braces": {
      "version": "3.0.2",
      "resolved": "https://registry.npmmirror.com/braces/-/braces-3.0.2.tgz",
      "integrity": "sha512-b8um+L1RzM3WDSzvhm6gIz1yfTbBt6YTlcEKAvsmqCZZFw46z626lVj9j1yEPW33H5H+lBQpZMP1k8l+78Ha0A==",
      "requires": {
        "fill-range": "^7.0.1"
      }
    },
    "chokidar": {
      "version": "3.6.0",
      "resolved": "https://registry.npmmirror.com/chokidar/-/chokidar-3.6.0.tgz",
      "integrity": "sha512-7VT13fmjotKpGipCW9JEQAusEPE+Ei8nl6/g4FBAmIm0GOOLMua9NDDo/DWp0ZAxCr3cPq5ZpBqmPAQgDda2Pw==",
      "requires": {
        "anymatch": "~3.1.2",
        "braces": "~3.0.2",
        "fsevents": "~2.3.2",
        "glob-parent": "~5.1.2",
        "is-binary-path": "~2.1.0",
        "is-glob": "~4.0.1",
        "normalize-path": "~3.0.0",
        "readdirp": "~3.6.0"
      }
    },
    "combined-stream": {
      "version": "1.0.8",
      "resolved": "https://registry.npmmirror.com/combined-stream/-/combined-stream-1.0.8.tgz",
      "integrity": "sha512-FQN4MRfuJeHf7cBbBMJFXhKSDq+2kAArBlmRBvcvFE5BB1HZKXtSFASDhdlz9zOYwxh8lDdnvmMOe/+5cdoEdg==",
      "requires": {
        "delayed-stream": "~1.0.0"
      }
    },
    "computeds": {
      "version": "0.0.1",
      "resolved": "https://registry.npmmirror.com/computeds/-/computeds-0.0.1.tgz",
      "integrity": "sha512-7CEBgcMjVmitjYo5q8JTJVra6X5mQ20uTThdK+0kR7UEaDrAWEQcRiBtWJzga4eRpP6afNwwLsX2SET2JhVB1Q==",
      "dev": true
    },
    "csstype": {
      "version": "3.1.3",
      "resolved": "https://registry.npmmirror.com/csstype/-/csstype-3.1.3.tgz",
      "integrity": "sha512-M1uQkMl8rQK/szD0LNhtqxIPLpimGm8sOBwU7lLnCpSbTyY3yeU1Vc7l4KT5zT4s/yOxHH5O7tIuuLOCnLADRw=="
    },
    "de-indent": {
      "version": "1.0.2",
      "resolved": "https://registry.npmmirror.com/de-indent/-/de-indent-1.0.2.tgz",
      "integrity": "sha512-e/1zu3xH5MQryN2zdVaF0OrdNLUbvWxzMbi+iNA6Bky7l1RoP8a2fIbRocyHclXt/arDrrR6lL3TqFD9pMQTsg==",
      "dev": true
    },
    "delayed-stream": {
      "version": "1.0.0",
      "resolved": "https://registry.npmmirror.com/delayed-stream/-/delayed-stream-1.0.0.tgz",
      "integrity": "sha512-ZySD7Nf91aLB0RxL4KGrKHBXl7Eds1DAmEdcoVawXnLD7SDhpNgtuII2aAkg7a7QS41jxPSZ17p4VdGnMHk3MQ=="
    },
    "entities": {
      "version": "4.5.0",
      "resolved": "https://registry.npmmirror.com/entities/-/entities-4.5.0.tgz",
      "integrity": "sha512-V0hjH4dGPh9Ao5p0MoRY6BVqtwCjhz6vI5LT8AJ55H+4g9/4vbHx1I54fS0XuclLhDHArPQCiMjDxjaL8fPxhw=="
    },
    "estree-walker": {
      "version": "2.0.2",
      "resolved": "https://registry.npmmirror.com/estree-walker/-/estree-walker-2.0.2.tgz",
      "integrity": "sha512-Rfkk/Mp/DL7JVje3u18FxFujQlTNR2q6QfMSMB7AvCBx91NGj/ba3kCfza0f6dVDbw7YlRf/nDrn7pQrCCyQ/w=="
    },
    "fill-range": {
      "version": "7.0.1",
      "resolved": "https://registry.npmmirror.com/fill-range/-/fill-range-7.0.1.tgz",
      "integrity": "sha512-qOo9F+dMUmC2Lcb4BbVvnKJxTPjCm+RRpe4gDuGrzkL7mEVl/djYSu2OdQ2Pa302N4oqkSg9ir6jaLWJ2USVpQ==",
      "requires": {
        "to-regex-range": "^5.0.1"
      }
    },
    "follow-redirects": {
      "version": "1.15.5",
      "resolved": "https://registry.npmmirror.com/follow-redirects/-/follow-redirects-1.15.5.tgz",
      "integrity": "sha512-vSFWUON1B+yAw1VN4xMfxgn5fTUiaOzAJCKBwIIgT/+7CuGy9+r+5gITvP62j3RmaD5Ph65UaERdOSRGUzZtgw=="
    },
    "form-data": {
      "version": "4.0.0",
      "resolved": "https://registry.npmmirror.com/form-data/-/form-data-4.0.0.tgz",
      "integrity": "sha512-ETEklSGi5t0QMZuiXoA/Q6vcnxcLQP5vdugSpuAyi6SVGi2clPPp+xgEhuMaHC+zGgn31Kd235W35f7Hykkaww==",
      "requires": {
        "asynckit": "^0.4.0",
        "combined-stream": "^1.0.8",
        "mime-types": "^2.1.12"
      }
    },
    "fsevents": {
      "version": "2.3.3",
      "resolved": "https://registry.npmmirror.com/fsevents/-/fsevents-2.3.3.tgz",
      "integrity": "sha512-5xoDfX+fL7faATnagmWPpbFtwh/R77WmMMqqHGS65C3vvB0YHrgF+B1YmZ3441tMj5n63k0212XNoJwzlhffQw==",
      "optional": true
    },
    "glob-parent": {
      "version": "5.1.2",
      "resolved": "https://registry.npmmirror.com/glob-parent/-/glob-parent-5.1.2.tgz",
      "integrity": "sha512-AOIgSQCepiJYwP3ARnGx+5VnTu2HBYdzbGP45eLw1vr3zB3vZLeyed1sC9hnbcOc9/SrMyM5RPQrkGz4aS9Zow==",
      "requires": {
        "is-glob": "^4.0.1"
      }
    },
    "he": {
      "version": "1.2.0",
      "resolved": "https://registry.npmmirror.com/he/-/he-1.2.0.tgz",
      "integrity": "sha512-F/1DnUGPopORZi0ni+CvrCgHQ5FyEAHRLSApuYWMmrbSwoN2Mn/7k+Gl38gJnR7yyDZk6WLXwiGod1JOWNDKGw==",
      "dev": true
    },
    "is-binary-path": {
      "version": "2.1.0",
      "resolved": "https://registry.npmmirror.com/is-binary-path/-/is-binary-path-2.1.0.tgz",
      "integrity": "sha512-ZMERYes6pDydyuGidse7OsHxtbI7WVeUEozgR/g7rd0xUimYNlvZRE/K2MgZTjWy725IfelLeVcEM97mmtRGXw==",
      "requires": {
        "binary-extensions": "^2.0.0"
      }
    },
    "is-extglob": {
      "version": "2.1.1",
      "resolved": "https://registry.npmmirror.com/is-extglob/-/is-extglob-2.1.1.tgz",
      "integrity": "sha512-SbKbANkN603Vi4jEZv49LeVJMn4yGwsbzZworEoyEiutsN3nJYdbO36zfhGJ6QEDpOZIFkDtnq5JRxmvl3jsoQ=="
    },
    "is-glob": {
      "version": "4.0.3",
      "resolved": "https://registry.npmmirror.com/is-glob/-/is-glob-4.0.3.tgz",
      "integrity": "sha512-xelSayHH36ZgE7ZWhli7pW34hNbNl8Ojv5KVmkJD4hBdD3th8Tfk9vYasLM+mXWOZhFkgZfxhLSnrwRr4elSSg==",
      "requires": {
        "is-extglob": "^2.1.1"
      }
    },
    "is-number": {
      "version": "7.0.0",
      "resolved": "https://registry.npmmirror.com/is-number/-/is-number-7.0.0.tgz",
      "integrity": "sha512-41Cifkg6e8TylSpdtTpeLVMqvSBEVzTttHvERD741+pnZ8ANv0004MRL43QKPDlK9cGvNp6NZWZUBlbGXYxxng=="
    },
    "jsonc-parser": {
      "version": "3.2.1",
      "resolved": "https://registry.npmmirror.com/jsonc-parser/-/jsonc-parser-3.2.1.tgz",
      "integrity": "sha512-AilxAyFOAcK5wA1+LeaySVBrHsGQvUFCDWXKpZjzaL0PqW+xfBOttn8GNtWKFWqneyMZj41MWF9Kl6iPWLwgOA=="
    },
    "local-pkg": {
      "version": "0.5.0",
      "resolved": "https://registry.npmmirror.com/local-pkg/-/local-pkg-0.5.0.tgz",
      "integrity": "sha512-ok6z3qlYyCDS4ZEU27HaU6x/xZa9Whf8jD4ptH5UZTQYZVYeb9bnZ3ojVhiJNLiXK1Hfc0GNbLXcmZ5plLDDBg==",
      "requires": {
        "mlly": "^1.4.2",
        "pkg-types": "^1.0.3"
      }
    },
    "magic-string": {
      "version": "0.30.7",
      "resolved": "https://registry.npmmirror.com/magic-string/-/magic-string-0.30.7.tgz",
      "integrity": "sha512-8vBuFF/I/+OSLRmdf2wwFCJCz+nSn0m6DPvGH1fS/KiQoSaR+sETbov0eIk9KhEKy8CYqIkIAnbohxT/4H0kuA==",
      "requires": {
        "@jridgewell/sourcemap-codec": "^1.4.15"
      }
    },
    "magic-string-ast": {
      "version": "0.3.0",
      "resolved": "https://registry.npmmirror.com/magic-string-ast/-/magic-string-ast-0.3.0.tgz",
      "integrity": "sha512-0shqecEPgdFpnI3AP90epXyxZy9g6CRZ+SZ7BcqFwYmtFEnZ1jpevcV5HoyVnlDS9gCnc1UIg3Rsvp3Ci7r8OA==",
      "requires": {
        "magic-string": "^0.30.2"
      }
    },
    "mime-db": {
      "version": "1.52.0",
      "resolved": "https://registry.npmmirror.com/mime-db/-/mime-db-1.52.0.tgz",
      "integrity": "sha512-sPU4uV7dYlvtWJxwwxHD0PuihVNiE7TyAbQ5SWxDCB9mUYvOgroQOwYQQOKPJ8CIbE+1ETVlOoK1UC2nU3gYvg=="
    },
    "mime-types": {
      "version": "2.1.35",
      "resolved": "https://registry.npmmirror.com/mime-types/-/mime-types-2.1.35.tgz",
      "integrity": "sha512-ZDY+bPm5zTTF+YpCrAU9nK0UgICYPT0QtT1NZWFv4s++TNkcgVaT0g6+4R2uI4MjQjzysHB1zxuWL50hzaeXiw==",
      "requires": {
        "mime-db": "1.52.0"
      }
    },
    "minimatch": {
      "version": "9.0.3",
      "resolved": "https://registry.npmmirror.com/minimatch/-/minimatch-9.0.3.tgz",
      "integrity": "sha512-RHiac9mvaRw0x3AYRgDC1CxAP7HTcNrrECeA8YYJeWnpo+2Q5CegtZjaotWTWxDG3UeGA1coE05iH1mPjT/2mg==",
      "dev": true,
      "requires": {
        "brace-expansion": "^2.0.1"
      }
    },
    "mlly": {
      "version": "1.6.1",
      "resolved": "https://registry.npmmirror.com/mlly/-/mlly-1.6.1.tgz",
      "integrity": "sha512-vLgaHvaeunuOXHSmEbZ9izxPx3USsk8KCQ8iC+aTlp5sKRSoZvwhHh5L9VbKSaVC6sJDqbyohIS76E2VmHIPAA==",
      "requires": {
        "acorn": "^8.11.3",
        "pathe": "^1.1.2",
        "pkg-types": "^1.0.3",
        "ufo": "^1.3.2"
      }
    },
    "mrmime": {
      "version": "2.0.0",
      "resolved": "https://registry.npmmirror.com/mrmime/-/mrmime-2.0.0.tgz",
      "integrity": "sha512-eu38+hdgojoyq63s+yTpN4XMBdt5l8HhMhc4VKLO9KM5caLIBvUm4thi7fFaxyTmCKeNnXZ5pAlBwCUnhA09uw=="
    },
    "muggle-string": {
      "version": "0.3.1",
      "resolved": "https://registry.npmmirror.com/muggle-string/-/muggle-string-0.3.1.tgz",
      "integrity": "sha512-ckmWDJjphvd/FvZawgygcUeQCxzvohjFO5RxTjj4eq8kw359gFF3E1brjfI+viLMxss5JrHTDRHZvu2/tuy0Qg==",
      "dev": true
    },
    "nanoid": {
      "version": "3.3.7",
      "resolved": "https://registry.npmmirror.com/nanoid/-/nanoid-3.3.7.tgz",
      "integrity": "sha512-eSRppjcPIatRIMC1U6UngP8XFcz8MQWGQdt1MTBQ7NaAmvXDfvNxbvWV3x2y6CdEUciCSsDHDQZbhYaB8QEo2g=="
    },
    "normalize-path": {
      "version": "3.0.0",
      "resolved": "https://registry.npmmirror.com/normalize-path/-/normalize-path-3.0.0.tgz",
      "integrity": "sha512-6eZs5Ls3WtCisHWp9S2GUy8dqkpGi4BVSz3GaqiE6ezub0512ESztXUwUB6C6IKbQkY2Pnb/mD4WYojCRwcwLA=="
    },
    "path-browserify": {
      "version": "1.0.1",
      "resolved": "https://registry.npmmirror.com/path-browserify/-/path-browserify-1.0.1.tgz",
      "integrity": "sha512-b7uo2UCUOYZcnF/3ID0lulOJi/bafxa1xPe7ZPsammBSpjSWQkjNxlt635YGS2MiR9GjvuXCtz2emr3jbsz98g==",
      "dev": true
    },
    "pathe": {
      "version": "1.1.2",
      "resolved": "https://registry.npmmirror.com/pathe/-/pathe-1.1.2.tgz",
      "integrity": "sha512-whLdWMYL2TwI08hn8/ZqAbrVemu0LNaNNJZX73O6qaIdCTfXutsLhMkjdENX0qhsQ9uIimo4/aQOmXkoon2nDQ=="
    },
    "picocolors": {
      "version": "1.0.0",
      "resolved": "https://registry.npmmirror.com/picocolors/-/picocolors-1.0.0.tgz",
      "integrity": "sha512-1fygroTLlHu66zi26VoTDv8yRgm0Fccecssto+MhsZ0D/DGW2sm8E8AjW7NU5VVTRt5GxbeZ5qBuJr+HyLYkjQ=="
    },
    "picomatch": {
      "version": "2.3.1",
      "resolved": "https://registry.npmmirror.com/picomatch/-/picomatch-2.3.1.tgz",
      "integrity": "sha512-JU3teHTNjmE2VCGFzuY8EXzCDVwEqB2a8fsIvwaStHhAWJEeVd1o1QD80CU6+ZdEXXSLbSsuLwJjkCBWqRQUVA=="
    },
    "pkg-types": {
      "version": "1.0.3",
      "resolved": "https://registry.npmmirror.com/pkg-types/-/pkg-types-1.0.3.tgz",
      "integrity": "sha512-nN7pYi0AQqJnoLPC9eHFQ8AcyaixBUOwvqc5TDnIKCMEE6I0y8P7OKA7fPexsXGCGxQDl/cmrLAp26LhcwxZ4A==",
      "requires": {
        "jsonc-parser": "^3.2.0",
        "mlly": "^1.2.0",
        "pathe": "^1.1.0"
      }
    },
    "postcss": {
      "version": "8.4.35",
      "resolved": "https://registry.npmmirror.com/postcss/-/postcss-8.4.35.tgz",
      "integrity": "sha512-u5U8qYpBCpN13BsiEB0CbR1Hhh4Gc0zLFuedrHJKMctHCHAGrMdG0PRM/KErzAL3CU6/eckEtmHNB3x6e3c0vA==",
      "requires": {
        "nanoid": "^3.3.7",
        "picocolors": "^1.0.0",
        "source-map-js": "^1.0.2"
      }
    },
    "proxy-from-env": {
      "version": "1.1.0",
      "resolved": "https://registry.npmmirror.com/proxy-from-env/-/proxy-from-env-1.1.0.tgz",
      "integrity": "sha512-D+zkORCbA9f1tdWRK0RaCR3GPv50cMxcrz4X8k5LTSUD1Dkw47mKJEZQNunItRTkWwgtaUSo1RVFRIG9ZXiFYg=="
    },
    "readdirp": {
      "version": "3.6.0",
      "resolved": "https://registry.npmmirror.com/readdirp/-/readdirp-3.6.0.tgz",
      "integrity": "sha512-hOS089on8RduqdbhvQ5Z37A0ESjsqz6qnRcffsMU3495FuTdqSm+7bhJ29JvIOsBDEEnan5DPu9t3To9VRlMzA==",
      "requires": {
        "picomatch": "^2.2.1"
      }
    },
    "resolve.exports": {
      "version": "2.0.2",
      "resolved": "https://registry.npmmirror.com/resolve.exports/-/resolve.exports-2.0.2.tgz",
      "integrity": "sha512-X2UW6Nw3n/aMgDVy+0rSqgHlv39WZAlZrXCdnbyEiKm17DSqHX4MmQMaST3FbeWR5FTuRcUwYAziZajji0Y7mg=="
    },
    "sirv": {
      "version": "2.0.4",
      "resolved": "https://registry.npmmirror.com/sirv/-/sirv-2.0.4.tgz",
      "integrity": "sha512-94Bdh3cC2PKrbgSOUqTiGPWVZeSiXfKOVZNJniWoqrWrRkB1CJzBU3NEbiTsPcYy1lDsANA/THzS+9WBiy5nfQ==",
      "requires": {
        "@polka/url": "^1.0.0-next.24",
        "mrmime": "^2.0.0",
        "totalist": "^3.0.0"
      }
    },
    "source-map-js": {
      "version": "1.0.2",
      "resolved": "https://registry.npmmirror.com/source-map-js/-/source-map-js-1.0.2.tgz",
      "integrity": "sha512-R0XvVJ9WusLiqTCEiGCmICCMplcCkIwwR11mOSD9CR5u+IXYdiseeEuXCVAjS54zqwkLcPNnmU4OeJ6tUrWhDw=="
    },
    "to-fast-properties": {
      "version": "2.0.0",
      "resolved": "https://registry.npmmirror.com/to-fast-properties/-/to-fast-properties-2.0.0.tgz",
      "integrity": "sha512-/OaKK0xYrs3DmxRYqL/yDc+FxFUVYhDlXMhRmv3z915w2HF1tnN1omB354j8VUGO/hbRzyD6Y3sA7v7GS/ceog=="
    },
    "to-regex-range": {
      "version": "5.0.1",
      "resolved": "https://registry.npmmirror.com/to-regex-range/-/to-regex-range-5.0.1.tgz",
      "integrity": "sha512-65P7iz6X5yEr1cwcgvQxbbIw7Uk3gOy5dIdtZ4rDveLqhrdJP+Li/Hx6tyK0NEb+2GCyneCMJiGqrADCSNk8sQ==",
      "requires": {
        "is-number": "^7.0.0"
      }
    },
    "totalist": {
      "version": "3.0.1",
      "resolved": "https://registry.npmmirror.com/totalist/-/totalist-3.0.1.tgz",
      "integrity": "sha512-sf4i37nQ2LBx4m3wB74y+ubopq6W/dIzXg0FDGjsYnZHVa1Da8FH853wlL2gtUhg+xJXjfk3kUZS3BRoQeoQBQ=="
    },
    "ufo": {
      "version": "1.4.0",
      "resolved": "https://registry.npmmirror.com/ufo/-/ufo-1.4.0.tgz",
      "integrity": "sha512-Hhy+BhRBleFjpJ2vchUNN40qgkh0366FWJGqVLYBHev0vpHTrXSA0ryT+74UiW6KWsldNurQMKGqCm1M2zBciQ=="
    },
    "unplugin": {
      "version": "1.7.1",
      "resolved": "https://registry.npmmirror.com/unplugin/-/unplugin-1.7.1.tgz",
      "integrity": "sha512-JqzORDAPxxs8ErLV4x+LL7bk5pk3YlcWqpSNsIkAZj972KzFZLClc/ekppahKkOczGkwIG6ElFgdOgOlK4tXZw==",
      "requires": {
        "acorn": "^8.11.3",
        "chokidar": "^3.5.3",
        "webpack-sources": "^3.2.3",
        "webpack-virtual-modules": "^0.6.1"
      }
    },
    "unplugin-combine": {
      "version": "0.8.1",
      "resolved": "https://registry.npmmirror.com/unplugin-combine/-/unplugin-combine-0.8.1.tgz",
      "integrity": "sha512-m2OSmXXRwCPZx8Ct8eF8WbjgTo8bydim2W1ofu2hDabGdr2pgDAoFjOP1J4MOIwa0OByqk1JX8IGlSdeE6uxVQ==",
      "requires": {
        "@antfu/utils": "^0.7.6",
        "unplugin": "^1.5.0"
      }
    },
    "unplugin-vue-define-options": {
      "version": "1.4.2",
      "resolved": "https://registry.npmmirror.com/unplugin-vue-define-options/-/unplugin-vue-define-options-1.4.2.tgz",
      "integrity": "sha512-jQ3nJ1olC107QUA67UEB1CWJXnbVA7SF4UibKQF+jvME7UZ/XomctISHtAkJSJ9YHn0eqnqqzyNkng/KnLUZBw==",
      "requires": {
        "@vue-macros/common": "1.10.1",
        "ast-walker-scope": "^0.5.0",
        "unplugin": "^1.6.0"
      }
    },
    "unplugin-vue-macros": {
      "version": "2.7.10",
      "resolved": "https://registry.npmmirror.com/unplugin-vue-macros/-/unplugin-vue-macros-2.7.10.tgz",
      "integrity": "sha512-4saYre3PEX2yL7CTAf4yvQ5Aq/qygTDxRXGnIoe4Lvg2IabMRlx4QiaKLNRuMY3kYLYKhXhxOcJKGy2O/iOfBg==",
      "requires": {
        "@vue-macros/better-define": "1.7.3",
        "@vue-macros/boolean-prop": "0.3.2",
        "@vue-macros/chain-call": "^0.2.2",
        "@vue-macros/common": "1.10.1",
        "@vue-macros/define-emit": "^0.2.3",
        "@vue-macros/define-models": "1.2.2",
        "@vue-macros/define-prop": "^0.3.3",
        "@vue-macros/define-props": "2.0.3",
        "@vue-macros/define-props-refs": "1.2.2",
        "@vue-macros/define-render": "1.5.2",
        "@vue-macros/define-slots": "1.1.2",
        "@vue-macros/devtools": "^0.2.0",
        "@vue-macros/export-expose": "0.1.2",
        "@vue-macros/export-props": "0.4.2",
        "@vue-macros/export-render": "0.2.2",
        "@vue-macros/hoist-static": "1.5.2",
        "@vue-macros/jsx-directive": "0.8.8",
        "@vue-macros/named-template": "0.4.2",
        "@vue-macros/reactivity-transform": "0.4.3",
        "@vue-macros/setup-block": "0.3.2",
        "@vue-macros/setup-component": "0.17.2",
        "@vue-macros/setup-sfc": "0.17.2",
        "@vue-macros/short-bind": "0.2.2",
        "@vue-macros/short-emits": "1.5.2",
        "@vue-macros/short-vmodel": "1.4.2",
        "unplugin": "^1.6.0",
        "unplugin-combine": "^0.8.1",
        "unplugin-vue-define-options": "1.4.2"
      }
    },
    "vue": {
      "version": "3.4.19",
      "resolved": "https://registry.npmmirror.com/vue/-/vue-3.4.19.tgz",
      "integrity": "sha512-W/7Fc9KUkajFU8dBeDluM4sRGc/aa4YJnOYck8dkjgZoXtVsn3OeTGni66FV1l3+nvPA7VBFYtPioaGKUmEADw==",
      "requires": {
        "@vue/compiler-dom": "3.4.19",
        "@vue/compiler-sfc": "3.4.19",
        "@vue/runtime-dom": "3.4.19",
        "@vue/server-renderer": "3.4.19",
        "@vue/shared": "3.4.19"
      }
    },
    "vue-template-compiler": {
      "version": "2.7.16",
      "resolved": "https://registry.npmmirror.com/vue-template-compiler/-/vue-template-compiler-2.7.16.tgz",
      "integrity": "sha512-AYbUWAJHLGGQM7+cNTELw+KsOG9nl2CnSv467WobS5Cv9uk3wFcnr1Etsz2sEIHEZvw1U+o9mRlEO6QbZvUPGQ==",
      "dev": true,
      "requires": {
        "de-indent": "^1.0.2",
        "he": "^1.2.0"
      }
    },
    "webpack-sources": {
      "version": "3.2.3",
      "resolved": "https://registry.npmmirror.com/webpack-sources/-/webpack-sources-3.2.3.tgz",
      "integrity": "sha512-/DyMEOrDgLKKIG0fmvtz+4dUX/3Ghozwgm6iPp8KRhvn+eQf9+Q7GWxVNMk3+uCPWfdXYC4ExGBckIXdFEfH1w=="
    },
    "webpack-virtual-modules": {
      "version": "0.6.1",
      "resolved": "https://registry.npmmirror.com/webpack-virtual-modules/-/webpack-virtual-modules-0.6.1.tgz",
      "integrity": "sha512-poXpCylU7ExuvZK8z+On3kX+S8o/2dQ/SVYueKA0D4WEMXROXgY8Ez50/bQEUmvoSMMrWcrJqCHuhAbsiwg7Dg=="
    }
  }
}
